// !$*UTF8*$!
{
	archiveVersion = 1;
	classes = {
	};
	objectVersion = 46;
	objects = {

/* Begin PBXBuildFile section */
		C845AA5D1CC50E36007ABD08 /* RatingControl.swift in Sources */ = {isa = PBXBuildFile; fileRef = C845AA5C1CC50E36007ABD08 /* RatingControl.swift */; };
		C8BCE0D11CC4F44E006C3923 /* AppDelegate.swift in Sources */ = {isa = PBXBuildFile; fileRef = C8BCE0D01CC4F44E006C3923 /* AppDelegate.swift */; };
		C8BCE0D31CC4F44E006C3923 /* MealViewController.swift in Sources */ = {isa = PBXBuildFile; fileRef = C8BCE0D21CC4F44E006C3923 /* MealViewController.swift */; };
		C8BCE0D61CC4F44E006C3923 /* Main.storyboard in Resources */ = {isa = PBXBuildFile; fileRef = C8BCE0D41CC4F44E006C3923 /* Main.storyboard */; };
		C8BCE0D81CC4F44E006C3923 /* Assets.xcassets in Resources */ = {isa = PBXBuildFile; fileRef = C8BCE0D71CC4F44E006C3923 /* Assets.xcassets */; };
		C8BCE0DB1CC4F44E006C3923 /* LaunchScreen.storyboard in Resources */ = {isa = PBXBuildFile; fileRef = C8BCE0D91CC4F44E006C3923 /* LaunchScreen.storyboard */; };
		C8BCE0E61CC4F44E006C3923 /* FoodTrackeriosTests.swift in Sources */ = {isa = PBXBuildFile; fileRef = C8BCE0E51CC4F44E006C3923 /* FoodTrackeriosTests.swift */; };
		C8D44ED31CC5F0F600A10B08 /* Meal.swift in Sources */ = {isa = PBXBuildFile; fileRef = C8D44ED21CC5F0F600A10B08 /* Meal.swift */; };
		C8D44ED41CC5F0F600A10B08 /* Meal.swift in Sources */ = {isa = PBXBuildFile; fileRef = C8D44ED21CC5F0F600A10B08 /* Meal.swift */; };
		C8D44ED61CC6028A00A10B08 /* MealTableViewCell.swift in Sources */ = {isa = PBXBuildFile; fileRef = C8D44ED51CC6028A00A10B08 /* MealTableViewCell.swift */; };
		C8D44ED81CC616BD00A10B08 /* MealTableViewController.swift in Sources */ = {isa = PBXBuildFile; fileRef = C8D44ED71CC616BD00A10B08 /* MealTableViewController.swift */; };
/* End PBXBuildFile section */

/* Begin PBXContainerItemProxy section */
		C8BCE0E21CC4F44E006C3923 /* PBXContainerItemProxy */ = {
			isa = PBXContainerItemProxy;
			containerPortal = C8BCE0C51CC4F44E006C3923 /* Project object */;
			proxyType = 1;
			remoteGlobalIDString = C8BCE0CC1CC4F44E006C3923;
			remoteInfo = FoodTrackerios;
		};
/* End PBXContainerItemProxy section */

/* Begin PBXFileReference section */
		C845AA5C1CC50E36007ABD08 /* RatingControl.swift */ = {isa = PBXFileReference; fileEncoding = 4; lastKnownFileType = sourcecode.swift; path = RatingControl.swift; sourceTree = "<group>"; };
		C8BCE0CD1CC4F44E006C3923 /* FoodTrackerios.app */ = {isa = PBXFileReference; explicitFileType = wrapper.application; includeInIndex = 0; path = FoodTrackerios.app; sourceTree = BUILT_PRODUCTS_DIR; };
		C8BCE0D01CC4F44E006C3923 /* AppDelegate.swift */ = {isa = PBXFileReference; lastKnownFileType = sourcecode.swift; path = AppDelegate.swift; sourceTree = "<group>"; };
		C8BCE0D21CC4F44E006C3923 /* MealViewController.swift */ = {isa = PBXFileReference; lastKnownFileType = sourcecode.swift; path = MealViewController.swift; sourceTree = "<group>"; };
		C8BCE0D51CC4F44E006C3923 /* Base */ = {isa = PBXFileReference; lastKnownFileType = file.storyboard; name = Base; path = Base.lproj/Main.storyboard; sourceTree = "<group>"; };
		C8BCE0D71CC4F44E006C3923 /* Assets.xcassets */ = {isa = PBXFileReference; lastKnownFileType = folder.assetcatalog; path = Assets.xcassets; sourceTree = "<group>"; };
		C8BCE0DA1CC4F44E006C3923 /* Base */ = {isa = PBXFileReference; lastKnownFileType = file.storyboard; name = Base; path = Base.lproj/LaunchScreen.storyboard; sourceTree = "<group>"; };
		C8BCE0DC1CC4F44E006C3923 /* Info.plist */ = {isa = PBXFileReference; lastKnownFileType = text.plist.xml; path = Info.plist; sourceTree = "<group>"; };
		C8BCE0E11CC4F44E006C3923 /* FoodTrackeriosTests.xctest */ = {isa = PBXFileReference; explicitFileType = wrapper.cfbundle; includeInIndex = 0; path = FoodTrackeriosTests.xctest; sourceTree = BUILT_PRODUCTS_DIR; };
		C8BCE0E51CC4F44E006C3923 /* FoodTrackeriosTests.swift */ = {isa = PBXFileReference; lastKnownFileType = sourcecode.swift; path = FoodTrackeriosTests.swift; sourceTree = "<group>"; };
		C8BCE0E71CC4F44E006C3923 /* Info.plist */ = {isa = PBXFileReference; lastKnownFileType = text.plist.xml; path = Info.plist; sourceTree = "<group>"; };
		C8D44ED21CC5F0F600A10B08 /* Meal.swift */ = {isa = PBXFileReference; fileEncoding = 4; lastKnownFileType = sourcecode.swift; path = Meal.swift; sourceTree = "<group>"; };
		C8D44ED51CC6028A00A10B08 /* MealTableViewCell.swift */ = {isa = PBXFileReference; fileEncoding = 4; lastKnownFileType = sourcecode.swift; path = MealTableViewCell.swift; sourceTree = "<group>"; };
		C8D44ED71CC616BD00A10B08 /* MealTableViewController.swift */ = {isa = PBXFileReference; fileEncoding = 4; lastKnownFileType = sourcecode.swift; path = MealTableViewController.swift; sourceTree = "<group>"; };
/* End PBXFileReference section */

/* Begin PBXFrameworksBuildPhase section */
		C8BCE0CA1CC4F44E006C3923 /* Frameworks */ = {
			isa = PBXFrameworksBuildPhase;
			buildActionMask = 2147483647;
			files = (
			);
			runOnlyForDeploymentPostprocessing = 0;
		};
		C8BCE0DE1CC4F44E006C3923 /* Frameworks */ = {
			isa = PBXFrameworksBuildPhase;
			buildActionMask = 2147483647;
			files = (
			);
			runOnlyForDeploymentPostprocessing = 0;
		};
/* End PBXFrameworksBuildPhase section */

/* Begin PBXGroup section */
		C8BCE0C41CC4F44E006C3923 = {
			isa = PBXGroup;
			children = (
				C8BCE0CF1CC4F44E006C3923 /* FoodTrackerios */,
				C8BCE0E41CC4F44E006C3923 /* FoodTrackeriosTests */,
				C8BCE0CE1CC4F44E006C3923 /* Products */,
			);
			sourceTree = "<group>";
		};
		C8BCE0CE1CC4F44E006C3923 /* Products */ = {
			isa = PBXGroup;
			children = (
				C8BCE0CD1CC4F44E006C3923 /* FoodTrackerios.app */,
				C8BCE0E11CC4F44E006C3923 /* FoodTrackeriosTests.xctest */,
			);
			name = Products;
			sourceTree = "<group>";
		};
		C8BCE0CF1CC4F44E006C3923 /* FoodTrackerios */ = {
			isa = PBXGroup;
			children = (
				C8BCE0D01CC4F44E006C3923 /* AppDelegate.swift */,
				C8BCE0D21CC4F44E006C3923 /* MealViewController.swift */,
				C8BCE0D41CC4F44E006C3923 /* Main.storyboard */,
				C8D44ED71CC616BD00A10B08 /* MealTableViewController.swift */,
				C8D44ED51CC6028A00A10B08 /* MealTableViewCell.swift */,
				C8D44ED21CC5F0F600A10B08 /* Meal.swift */,
				C845AA5C1CC50E36007ABD08 /* RatingControl.swift */,
				C8BCE0D71CC4F44E006C3923 /* Assets.xcassets */,
				C8BCE0D91CC4F44E006C3923 /* LaunchScreen.storyboard */,
				C8BCE0DC1CC4F44E006C3923 /* Info.plist */,
			);
			path = FoodTrackerios;
			sourceTree = "<group>";
		};
		C8BCE0E41CC4F44E006C3923 /* FoodTrackeriosTests */ = {
			isa = PBXGroup;
			children = (
				C8BCE0E51CC4F44E006C3923 /* FoodTrackeriosTests.swift */,
				C8BCE0E71CC4F44E006C3923 /* Info.plist */,
			);
			path = FoodTrackeriosTests;
			sourceTree = "<group>";
		};
/* End PBXGroup section */

/* Begin PBXNativeTarget section */
		C8BCE0CC1CC4F44E006C3923 /* FoodTrackerios */ = {
			isa = PBXNativeTarget;
			buildConfigurationList = C8BCE0EA1CC4F44E006C3923 /* Build configuration list for PBXNativeTarget "FoodTrackerios" */;
			buildPhases = (
				C8BCE0C91CC4F44E006C3923 /* Sources */,
				C8BCE0CA1CC4F44E006C3923 /* Frameworks */,
				C8BCE0CB1CC4F44E006C3923 /* Resources */,
			);
			buildRules = (
			);
			dependencies = (
			);
			name = FoodTrackerios;
			productName = FoodTrackerios;
			productReference = C8BCE0CD1CC4F44E006C3923 /* FoodTrackerios.app */;
			productType = "com.apple.product-type.application";
		};
		C8BCE0E01CC4F44E006C3923 /* FoodTrackeriosTests */ = {
			isa = PBXNativeTarget;
			buildConfigurationList = C8BCE0ED1CC4F44E006C3923 /* Build configuration list for PBXNativeTarget "FoodTrackeriosTests" */;
			buildPhases = (
				C8BCE0DD1CC4F44E006C3923 /* Sources */,
				C8BCE0DE1CC4F44E006C3923 /* Frameworks */,
				C8BCE0DF1CC4F44E006C3923 /* Resources */,
			);
			buildRules = (
			);
			dependencies = (
				C8BCE0E31CC4F44E006C3923 /* PBXTargetDependency */,
			);
			name = FoodTrackeriosTests;
			productName = FoodTrackeriosTests;
			productReference = C8BCE0E11CC4F44E006C3923 /* FoodTrackeriosTests.xctest */;
			productType = "com.apple.product-type.bundle.unit-test";
		};
/* End PBXNativeTarget section */

/* Begin PBXProject section */
		C8BCE0C51CC4F44E006C3923 /* Project object */ = {
			isa = PBXProject;
			attributes = {
				LastSwiftUpdateCheck = 0730;
				LastUpgradeCheck = 0730;
				ORGANIZATIONNAME = maisapride8;
				TargetAttributes = {
					C8BCE0CC1CC4F44E006C3923 = {
						CreatedOnToolsVersion = 7.3;
					};
					C8BCE0E01CC4F44E006C3923 = {
						CreatedOnToolsVersion = 7.3;
						TestTargetID = C8BCE0CC1CC4F44E006C3923;
					};
				};
			};
			buildConfigurationList = C8BCE0C81CC4F44E006C3923 /* Build configuration list for PBXProject "FoodTrackerios" */;
			compatibilityVersion = "Xcode 3.2";
			developmentRegion = English;
			hasScannedForEncodings = 0;
			knownRegions = (
				en,
				Base,
			);
			mainGroup = C8BCE0C41CC4F44E006C3923;
			productRefGroup = C8BCE0CE1CC4F44E006C3923 /* Products */;
			projectDirPath = "";
			projectRoot = "";
			targets = (
				C8BCE0CC1CC4F44E006C3923 /* FoodTrackerios */,
				C8BCE0E01CC4F44E006C3923 /* FoodTrackeriosTests */,
			);
		};
/* End PBXProject section */

/* Begin PBXResourcesBuildPhase section */
		C8BCE0CB1CC4F44E006C3923 /* Resources */ = {
			isa = PBXResourcesBuildPhase;
			buildActionMask = 2147483647;
			files = (
				C8BCE0DB1CC4F44E006C3923 /* LaunchScreen.storyboard in Resources */,
				C8BCE0D81CC4F44E006C3923 /* Assets.xcassets in Resources */,
				C8BCE0D61CC4F44E006C3923 /* Main.storyboard in Resources */,
			);
			runOnlyForDeploymentPostprocessing = 0;
		};
		C8BCE0DF1CC4F44E006C3923 /* Resources */ = {
			isa = PBXResourcesBuildPhase;
			buildActionMask = 2147483647;
			files = (
			);
			runOnlyForDeploymentPostprocessing = 0;
		};
/* End PBXResourcesBuildPhase section */

/* Begin PBXSourcesBuildPhase section */
		C8BCE0C91CC4F44E006C3923 /* Sources */ = {
			isa = PBXSourcesBuildPhase;
			buildActionMask = 2147483647;
			files = (
				C8D44ED31CC5F0F600A10B08 /* Meal.swift in Sources */,
				C8BCE0D31CC4F44E006C3923 /* MealViewController.swift in Sources */,
				C845AA5D1CC50E36007ABD08 /* RatingControl.swift in Sources */,
				C8BCE0D11CC4F44E006C3923 /* AppDelegate.swift in Sources */,
				C8D44ED81CC616BD00A10B08 /* MealTableViewController.swift in Sources */,
				C8D44ED61CC6028A00A10B08 /* MealTableViewCell.swift in Sources */,
			);
			runOnlyForDeploymentPostprocessing = 0;
		};
		C8BCE0DD1CC4F44E006C3923 /* Sources */ = {
			isa = PBXSourcesBuildPhase;
			buildActionMask = 2147483647;
			files = (
				C8D44ED41CC5F0F600A10B08 /* Meal.swift in Sources */,
				C8BCE0E61CC4F44E006C3923 /* FoodTrackeriosTests.swift in Sources */,
			);
			runOnlyForDeploymentPostprocessing = 0;
		};
/* End PBXSourcesBuildPhase section */

/* Begin PBXTargetDependency section */
		C8BCE0E31CC4F44E006C3923 /* PBXTargetDependency */ = {
			isa = PBXTargetDependency;
			target = C8BCE0CC1CC4F44E006C3923 /* FoodTrackerios */;
			targetProxy = C8BCE0E21CC4F44E006C3923 /* PBXContainerItemProxy */;
		};
/* End PBXTargetDependency section */

/* Begin PBXVariantGroup section */
		C8BCE0D41CC4F44E006C3923 /* Main.storyboard */ = {
			isa = PBXVariantGroup;
			children = (
				C8BCE0D51CC4F44E006C3923 /* Base */,
			);
			name = Main.storyboard;
			sourceTree = "<group>";
		};
		C8BCE0D91CC4F44E006C3923 /* LaunchScreen.storyboard */ = {
			isa = PBXVariantGroup;
			children = (
				C8BCE0DA1CC4F44E006C3923 /* Base */,
			);
			name = LaunchScreen.storyboard;
			sourceTree = "<group>";
		};
/* End PBXVariantGroup section */

/* Begin XCBuildConfiguration section */
		C8BCE0E81CC4F44E006C3923 /* Debug */ = {
			isa = XCBuildConfiguration;
			buildSettings = {
				ALWAYS_SEARCH_USER_PATHS = NO;
				CLANG_ANALYZER_NONNULL = YES;
				CLANG_CXX_LANGUAGE_STANDARD = "gnu++0x";
				CLANG_CXX_LIBRARY = "libc++";
				CLANG_ENABLE_MODULES = YES;
				CLANG_ENABLE_OBJC_ARC = YES;
				CLANG_WARN_BOOL_CONVERSION = YES;
				CLANG_WARN_CONSTANT_CONVERSION = YES;
				CLANG_WARN_DIRECT_OBJC_ISA_USAGE = YES_ERROR;
				CLANG_WARN_EMPTY_BODY = YES;
				CLANG_WARN_ENUM_CONVERSION = YES;
				CLANG_WARN_INT_CONVERSION = YES;
				CLANG_WARN_OBJC_ROOT_CLASS = YES_ERROR;
				CLANG_WARN_UNREACHABLE_CODE = YES;
				CLANG_WARN__DUPLICATE_METHOD_MATCH = YES;
				"CODE_SIGN_IDENTITY[sdk=iphoneos*]" = "iPhone Developer";
				COPY_PHASE_STRIP = NO;
				DEBUG_INFORMATION_FORMAT = dwarf;
				ENABLE_STRICT_OBJC_MSGSEND = YES;
				ENABLE_TESTABILITY = YES;
				GCC_C_LANGUAGE_STANDARD = gnu99;
				GCC_DYNAMIC_NO_PIC = NO;
				GCC_NO_COMMON_BLOCKS = YES;
				GCC_OPTIMIZATION_LEVEL = 0;
				GCC_PREPROCESSOR_DEFINITIONS = (
					"DEBUG=1",
					"$(inherited)",
				);
				GCC_WARN_64_TO_32_BIT_CONVERSION = YES;
				GCC_WARN_ABOUT_RETURN_TYPE = YES_ERROR;
				GCC_WARN_UNDECLARED_SELECTOR = YES;
				GCC_WARN_UNINITIALIZED_AUTOS = YES_AGGRESSIVE;
				GCC_WARN_UNUSED_FUNCTION = YES;
				GCC_WARN_UNUSED_VARIABLE = YES;
				IPHONEOS_DEPLOYMENT_TARGET = 9.3;
				MTL_ENABLE_DEBUG_INFO = YES;
				ONLY_ACTIVE_ARCH = YES;
				SDKROOT = iphoneos;
				SWIFT_OPTIMIZATION_LEVEL = "-Onone";
				TARGETED_DEVICE_FAMILY = "1,2";
			};
			name = Debug;
		};
		C8BCE0E91CC4F44E006C3923 /* Release */ = {
			isa = XCBuildConfiguration;
			buildSettings = {
				ALWAYS_SEARCH_USER_PATHS = NO;
				CLANG_ANALYZER_NONNULL = YES;
				CLANG_CXX_LANGUAGE_STANDARD = "gnu++0x";
				CLANG_CXX_LIBRARY = "libc++";
				CLANG_ENABLE_MODULES = YES;
				CLANG_ENABLE_OBJC_ARC = YES;
				CLANG_WARN_BOOL_CONVERSION = YES;
				CLANG_WARN_CONSTANT_CONVERSION = YES;
				CLANG_WARN_DIRECT_OBJC_ISA_USAGE = YES_ERROR;
				CLANG_WARN_EMPTY_BODY = YES;
				CLANG_WARN_ENUM_CONVERSION = YES;
				CLANG_WARN_INT_CONVERSION = YES;
				CLANG_WARN_OBJC_ROOT_CLASS = YES_ERROR;
				CLANG_WARN_UNREACHABLE_CODE = YES;
				CLANG_WARN__DUPLICATE_METHOD_MATCH = YES;
				"CODE_SIGN_IDENTITY[sdk=iphoneos*]" = "iPhone Developer";
				COPY_PHASE_STRIP = NO;
				DEBUG_INFORMATION_FORMAT = "dwarf-with-dsym";
				ENABLE_NS_ASSERTIONS = NO;
				ENABLE_STRICT_OBJC_MSGSEND = YES;
				GCC_C_LANGUAGE_STANDARD = gnu99;
				GCC_NO_COMMON_BLOCKS = YES;
				GCC_WARN_64_TO_32_BIT_CONVERSION = YES;
				GCC_WARN_ABOUT_RETURN_TYPE = YES_ERROR;
				GCC_WARN_UNDECLARED_SELECTOR = YES;
				GCC_WARN_UNINITIALIZED_AUTOS = YES_AGGRESSIVE;
				GCC_WARN_UNUSED_FUNCTION = YES;
				GCC_WARN_UNUSED_VARIABLE = YES;
				IPHONEOS_DEPLOYMENT_TARGET = 9.3;
				MTL_ENABLE_DEBUG_INFO = NO;
				SDKROOT = iphoneos;
				TARGETED_DEVICE_FAMILY = "1,2";
				VALIDATE_PRODUCT = YES;
			};
			name = Release;
		};
		C8BCE0EB1CC4F44E006C3923 /* Debug */ = {
			isa = XCBuildConfiguration;
			buildSettings = {
				ASSETCATALOG_COMPILER_APPICON_NAME = AppIcon;
				INFOPLIST_FILE = FoodTrackerios/Info.plist;
				LD_RUNPATH_SEARCH_PATHS = "$(inherited) @executable_path/Frameworks";
				PRODUCT_BUNDLE_IDENTIFIER = com.maisa.FoodTrackerios;
				PRODUCT_NAME = "$(TARGET_NAME)";
			};
			name = Debug;
		};
		C8BCE0EC1CC4F44E006C3923 /* Release */ = {
			isa = XCBuildConfiguration;
			buildSettings = {
				ASSETCATALOG_COMPILER_APPICON_NAME = AppIcon;
				INFOPLIST_FILE = FoodTrackerios/Info.plist;
				LD_RUNPATH_SEARCH_PATHS = "$(inherited) @executable_path/Frameworks";
				PRODUCT_BUNDLE_IDENTIFIER = com.maisa.FoodTrackerios;
				PRODUCT_NAME = "$(TARGET_NAME)";
			};
			name = Release;
		};
		C8BCE0EE1CC4F44E006C3923 /* Debug */ = {
			isa = XCBuildConfiguration;
			buildSettings = {
				BUNDLE_LOADER = "$(TEST_HOST)";
				INFOPLIST_FILE = FoodTrackeriosTests/Info.plist;
				LD_RUNPATH_SEARCH_PATHS = "$(inherited) @executable_path/Frameworks @loader_path/Frameworks";
				PRODUCT_BUNDLE_IDENTIFIER = com.maisa.FoodTrackeriosTests;
				PRODUCT_NAME = "$(TARGET_NAME)";
				TEST_HOST = "$(BUILT_PRODUCTS_DIR)/FoodTrackerios.app/FoodTrackerios";
			};
			name = Debug;
		};
		C8BCE0EF1CC4F44E006C3923 /* Release */ = {
			isa = XCBuildConfiguration;
			buildSettings = {
				BUNDLE_LOADER = "$(TEST_HOST)";
				INFOPLIST_FILE = FoodTrackeriosTests/Info.plist;
				LD_RUNPATH_SEARCH_PATHS = "$(inherited) @executable_path/Frameworks @loader_path/Frameworks";
				PRODUCT_BUNDLE_IDENTIFIER = com.maisa.FoodTrackeriosTests;
				PRODUCT_NAME = "$(TARGET_NAME)";
				TEST_HOST = "$(BUILT_PRODUCTS_DIR)/FoodTrackerios.app/FoodTrackerios";
			};
			name = Release;
		};
/* End XCBuildConfiguration section */

/* Begin XCConfigurationList section */
		C8BCE0C81CC4F44E006C3923 /* Build configuration list for PBXProject "FoodTrackerios" */ = {
			isa = XCConfigurationList;
			buildConfigurations = (
				C8BCE0E81CC4F44E006C3923 /* Debug */,
				C8BCE0E91CC4F44E006C3923 /* Release */,
			);
			defaultConfigurationIsVisible = 0;
			defaultConfigurationName = Release;
		};
		C8BCE0EA1CC4F44E006C3923 /* Build configuration list for PBXNativeTarget "FoodTrackerios" */ = {
			isa = XCConfigurationList;
			buildConfigurations = (
				C8BCE0EB1CC4F44E006C3923 /* Debug */,
				C8BCE0EC1CC4F44E006C3923 /* Release */,
			);
			defaultConfigurationIsVisible = 0;
			defaultConfigurationName = Release;
		};
		C8BCE0ED1CC4F44E006C3923 /* Build configuration list for PBXNativeTarget "FoodTrackeriosTests" */ = {
			isa = XCConfigurationList;
			buildConfigurations = (
				C8BCE0EE1CC4F44E006C3923 /* Debug */,
				C8BCE0EF1CC4F44E006C3923 /* Release */,
			);
			defaultConfigurationIsVisible = 0;
			defaultConfigurationName = Release;
		};
/* End XCConfigurationList section */
	};
	rootObject = C8BCE0C51CC4F44E006C3923 /* Project object */;
}
